
Microsoft Visual Studio Solution File, Format Version 12.00
# Visual Studio Version 16
VisualStudioVersion = 16.0.30503.244
MinimumVisualStudioVersion = 10.0.40219.1
Project("{FAE04EC0-301F-11D3-BF4B-00C04F79EFBC}") = "challengeOh8", "FunctionApp2\challengeOh8.csproj", "{EA60217B-4EDF-404C-B325-FE66D5A41DA4}"
EndProject
Global
	GlobalSection(SolutionConfigurationPlatforms) = preSolution
		Debug|Any CPU = Debug|Any CPU
		Release|Any CPU = Release|Any CPU
	EndGlobalSection
	GlobalSection(ProjectConfigurationPlatforms) = postSolution
		{EA60217B-4EDF-404C-B325-FE66D5A41DA4}.Debug|Any CPU.ActiveCfg = Debug|Any CPU
		{EA60217B-4EDF-404C-B325-FE66D5A41DA4}.Debug|Any CPU.Build.0 = Debug|Any CPU
		{EA60217B-4EDF-404C-B325-FE66D5A41DA4}.Release|Any CPU.ActiveCfg = Release|Any CPU
		{EA60217B-4EDF-404C-B325-FE66D5A41DA4}.Release|Any CPU.Build.0 = Release|Any CPU
	EndGlobalSection
	GlobalSection(SolutionProperties) = preSolution
		HideSolutionNode = FALSE
	EndGlobalSection
	GlobalSection(ExtensibilityGlobals) = postSolution
		SolutionGuid = {E4BF46BA-8769-45FF-8F6E-5502884773EE}
	EndGlobalSection
EndGlobal
